
Microsoft Visual Studio Solution File, Format Version 12.00
# Visual Studio 14
VisualStudioVersion = 14.0.25123.0
MinimumVisualStudioVersion = 10.0.40219.1
Project("{FAE04EC0-301F-11D3-BF4B-00C04F79EFBC}") = "CodeSec", "CodeSec\CodeSec.csproj", "{A18F05BB-32E4-4D8B-94A5-721FC5B1F470}"
EndProject
Project("{FAE04EC0-301F-11D3-BF4B-00C04F79EFBC}") = "CodeSec.App.Wpf", "CodeSec.App.Wpf\CodeSec.App.Wpf.csproj", "{9288C492-4CCE-40DE-85E6-6871E6F6453E}"
EndProject
Project("{FAE04EC0-301F-11D3-BF4B-00C04F79EFBC}") = "CodeSec.Runtime", "CodeSec.Runtime\CodeSec.Runtime.csproj", "{3802240C-2B6E-4208-B7B1-6001D487B011}"
EndProject
Global
	GlobalSection(SolutionConfigurationPlatforms) = preSolution
		Debug|Any CPU = Debug|Any CPU
		Release|Any CPU = Release|Any CPU
	EndGlobalSection
	GlobalSection(ProjectConfigurationPlatforms) = postSolution
		{A18F05BB-32E4-4D8B-94A5-721FC5B1F470}.Debug|Any CPU.ActiveCfg = Debug|Any CPU
		{A18F05BB-32E4-4D8B-94A5-721FC5B1F470}.Debug|Any CPU.Build.0 = Debug|Any CPU
		{A18F05BB-32E4-4D8B-94A5-721FC5B1F470}.Release|Any CPU.ActiveCfg = Release|Any CPU
		{A18F05BB-32E4-4D8B-94A5-721FC5B1F470}.Release|Any CPU.Build.0 = Release|Any CPU
		{9288C492-4CCE-40DE-85E6-6871E6F6453E}.Debug|Any CPU.ActiveCfg = Debug|Any CPU
		{9288C492-4CCE-40DE-85E6-6871E6F6453E}.Debug|Any CPU.Build.0 = Debug|Any CPU
		{9288C492-4CCE-40DE-85E6-6871E6F6453E}.Release|Any CPU.ActiveCfg = Release|Any CPU
		{9288C492-4CCE-40DE-85E6-6871E6F6453E}.Release|Any CPU.Build.0 = Release|Any CPU
		{3802240C-2B6E-4208-B7B1-6001D487B011}.Debug|Any CPU.ActiveCfg = Debug|Any CPU
		{3802240C-2B6E-4208-B7B1-6001D487B011}.Debug|Any CPU.Build.0 = Debug|Any CPU
		{3802240C-2B6E-4208-B7B1-6001D487B011}.Release|Any CPU.ActiveCfg = Release|Any CPU
		{3802240C-2B6E-4208-B7B1-6001D487B011}.Release|Any CPU.Build.0 = Release|Any CPU
	EndGlobalSection
	GlobalSection(SolutionProperties) = preSolution
		HideSolutionNode = FALSE
	EndGlobalSection
EndGlobal
